
Microsoft Visual Studio Solution File, Format Version 12.00
# Visual Studio 14
VisualStudioVersion = 14.0.23107.0
MinimumVisualStudioVersion = 10.0.40219.1
Project("{8BC9CEB8-8B4A-11D0-8D11-00A0C91BC942}") = "UnitTests", "TransactionSorter.Test\TransactionSorter.Test.vcxproj", "{6A4B41B3-2AFB-44FF-A926-204F28541A45}"
EndProject
Project("{8BC9CEB8-8B4A-11D0-8D11-00A0C91BC942}") = "TransactionSorter", "TransactionSorter\TransactionSorter.vcxproj", "{9667D6E8-8687-4327-9D23-49750080F548}"
EndProject
Project("{8BC9CEB8-8B4A-11D0-8D11-00A0C91BC942}") = "FileReader", "FileReader\FileReader.vcxproj", "{13E40715-011A-4722-ACB0-B7B9DEA80526}"
EndProject
Project("{8BC9CEB8-8B4A-11D0-8D11-00A0C91BC942}") = "CommandLineInterface", "CommandLineInterface\CommandLineInterface.vcxproj", "{664C6721-84E8-4DC9-83F2-EA711C329C41}"
EndProject
Global
	GlobalSection(SolutionConfigurationPlatforms) = preSolution
		Debug|x64 = Debug|x64
		Debug|x86 = Debug|x86
		Release|x64 = Release|x64
		Release|x86 = Release|x86
	EndGlobalSection
	GlobalSection(ProjectConfigurationPlatforms) = postSolution
		{6A4B41B3-2AFB-44FF-A926-204F28541A45}.Debug|x64.ActiveCfg = Debug|x64
		{6A4B41B3-2AFB-44FF-A926-204F28541A45}.Debug|x64.Build.0 = Debug|x64
		{6A4B41B3-2AFB-44FF-A926-204F28541A45}.Debug|x86.ActiveCfg = Debug|Win32
		{6A4B41B3-2AFB-44FF-A926-204F28541A45}.Debug|x86.Build.0 = Debug|Win32
		{6A4B41B3-2AFB-44FF-A926-204F28541A45}.Release|x64.ActiveCfg = Release|x64
		{6A4B41B3-2AFB-44FF-A926-204F28541A45}.Release|x64.Build.0 = Release|x64
		{6A4B41B3-2AFB-44FF-A926-204F28541A45}.Release|x86.ActiveCfg = Release|Win32
		{6A4B41B3-2AFB-44FF-A926-204F28541A45}.Release|x86.Build.0 = Release|Win32
		{9667D6E8-8687-4327-9D23-49750080F548}.Debug|x64.ActiveCfg = Debug|x64
		{9667D6E8-8687-4327-9D23-49750080F548}.Debug|x64.Build.0 = Debug|x64
		{9667D6E8-8687-4327-9D23-49750080F548}.Debug|x86.ActiveCfg = Debug|Win32
		{9667D6E8-8687-4327-9D23-49750080F548}.Debug|x86.Build.0 = Debug|Win32
		{9667D6E8-8687-4327-9D23-49750080F548}.Release|x64.ActiveCfg = Release|x64
		{9667D6E8-8687-4327-9D23-49750080F548}.Release|x64.Build.0 = Release|x64
		{9667D6E8-8687-4327-9D23-49750080F548}.Release|x86.ActiveCfg = Release|Win32
		{9667D6E8-8687-4327-9D23-49750080F548}.Release|x86.Build.0 = Release|Win32
		{13E40715-011A-4722-ACB0-B7B9DEA80526}.Debug|x64.ActiveCfg = Debug|x64
		{13E40715-011A-4722-ACB0-B7B9DEA80526}.Debug|x64.Build.0 = Debug|x64
		{13E40715-011A-4722-ACB0-B7B9DEA80526}.Debug|x86.ActiveCfg = Debug|Win32
		{13E40715-011A-4722-ACB0-B7B9DEA80526}.Debug|x86.Build.0 = Debug|Win32
		{13E40715-011A-4722-ACB0-B7B9DEA80526}.Release|x64.ActiveCfg = Release|x64
		{13E40715-011A-4722-ACB0-B7B9DEA80526}.Release|x64.Build.0 = Release|x64
		{13E40715-011A-4722-ACB0-B7B9DEA80526}.Release|x86.ActiveCfg = Release|Win32
		{13E40715-011A-4722-ACB0-B7B9DEA80526}.Release|x86.Build.0 = Release|Win32
		{664C6721-84E8-4DC9-83F2-EA711C329C41}.Debug|x64.ActiveCfg = Debug|x64
		{664C6721-84E8-4DC9-83F2-EA711C329C41}.Debug|x64.Build.0 = Debug|x64
		{664C6721-84E8-4DC9-83F2-EA711C329C41}.Debug|x86.ActiveCfg = Debug|Win32
		{664C6721-84E8-4DC9-83F2-EA711C329C41}.Debug|x86.Build.0 = Debug|Win32
		{664C6721-84E8-4DC9-83F2-EA711C329C41}.Release|x64.ActiveCfg = Release|x64
		{664C6721-84E8-4DC9-83F2-EA711C329C41}.Release|x64.Build.0 = Release|x64
		{664C6721-84E8-4DC9-83F2-EA711C329C41}.Release|x86.ActiveCfg = Release|Win32
		{664C6721-84E8-4DC9-83F2-EA711C329C41}.Release|x86.Build.0 = Release|Win32
	EndGlobalSection
	GlobalSection(SolutionProperties) = preSolution
		HideSolutionNode = FALSE
	EndGlobalSection
EndGlobal
