Microsoft Visual Studio Solution File, Format Version 11.00
# Visual Studio 2015
Project("{C33B0F76-2BE1-B347-3111-C2D02A4D0B93}") = "ListenersAndBroadcastersTutorial", "ListenersAndBroadcastersTutorial.vcxproj", "{3C80945B-D93F-E4ED-707C-A6702FA3B2FF}"
EndProject
Global
	GlobalSection(SolutionConfigurationPlatforms) = preSolution
		Debug|Win32 = Debug|Win32
		Release|Win32 = Release|Win32
	EndGlobalSection
	GlobalSection(ProjectConfigurationPlatforms) = postSolution
		{3C80945B-D93F-E4ED-707C-A6702FA3B2FF}.Debug|Win32.ActiveCfg = Debug|Win32
		{3C80945B-D93F-E4ED-707C-A6702FA3B2FF}.Debug|Win32.Build.0 = Debug|Win32
		{3C80945B-D93F-E4ED-707C-A6702FA3B2FF}.Release|Win32.ActiveCfg = Release|Win32
		{3C80945B-D93F-E4ED-707C-A6702FA3B2FF}.Release|Win32.Build.0 = Release|Win32
	EndGlobalSection
	GlobalSection(SolutionProperties) = preSolution
		HideSolutionNode = FALSE
	EndGlobalSection
EndGlobal
